
Microsoft Visual Studio Solution File, Format Version 12.00
# Visual Studio Version 17
VisualStudioVersion = 17.1.32210.238
MinimumVisualStudioVersion = 10.0.40219.1
Project("{FAE04EC0-301F-11D3-BF4B-00C04F79EFBC}") = "igoryan", "igoryan.csproj", "{6ACAE877-424C-4610-A794-94F2A1525707}"
EndProject
Global
	GlobalSection(SolutionConfigurationPlatforms) = preSolution
		Debug|Any CPU = Debug|Any CPU
		Release|Any CPU = Release|Any CPU
	EndGlobalSection
	GlobalSection(ProjectConfigurationPlatforms) = postSolution
		{6ACAE877-424C-4610-A794-94F2A1525707}.Debug|Any CPU.ActiveCfg = Debug|Any CPU
		{6ACAE877-424C-4610-A794-94F2A1525707}.Debug|Any CPU.Build.0 = Debug|Any CPU
		{6ACAE877-424C-4610-A794-94F2A1525707}.Release|Any CPU.ActiveCfg = Release|Any CPU
		{6ACAE877-424C-4610-A794-94F2A1525707}.Release|Any CPU.Build.0 = Release|Any CPU
	EndGlobalSection
	GlobalSection(SolutionProperties) = preSolution
		HideSolutionNode = FALSE
	EndGlobalSection
	GlobalSection(ExtensibilityGlobals) = postSolution
		SolutionGuid = {47C4ACA3-48E8-47F3-B1E0-A38EDCDE4E34}
	EndGlobalSection
EndGlobal
